{
  "nodes": {
    "hyprwhspr-src": {
      "flake": false,
      "locked": {
        "lastModified": 1787765038,
        "narHash": "sha256-LuvaYNRbiGsOrU5TVY9CAN6VPZfEU5fD38xlqyCXP8A=",
        "owner": "goodroot",
        "repo": "hyprwhspr",
        "rev": "d863a21c362bf233d7051417c4d89e6cd2e8d5d2",
        "type": "github"
      },
      "original": {
        "owner": "goodroot",
        "ref": "v1.42.3",
        "repo": "hyprwhspr",
        "type": "github"
      }
    },
    "nixpkgs": {
      "locked": {
        "lastModified": 1787736819,
        "narHash": "sha256-cV5xEJJK3BvhU8rEd4mC9UsmDi5qscv/kzGPhBRC5WA=",
        "owner": "NixOS",
        "repo": "nixpkgs",
        "rev": "9fbb54b33e91ee4ca368e35a78e0613c720600b3",
        "type": "github"
      },
      "original": {
        "owner": "NixOS",
        "ref": "nixos-unstable",
        "repo": "nixpkgs",
        "type": "github"
      }
    },
    "root": {
      "inputs": {
        "hyprwhspr-src": "hyprwhspr-src",
        "nixpkgs": "nixpkgs"
      }
    }
  },
  "root": "root",
  "version": 7
}
