{
  "nodes": {
    "hyprwhspr-src": {
      "flake": false,
      "locked": {
        "lastModified": 1788194787,
        "narHash": "sha256-qDBxyy4pNuyGv+gUuJgQ0usyDA/PcWgLZjd4UH5Y0Q8=",
        "owner": "goodroot",
        "repo": "hyprwhspr",
        "rev": "f027876a2e2f4f37e18c2d2143d155a20fdedbb6",
        "type": "github"
      },
      "original": {
        "owner": "goodroot",
        "ref": "v1.43.0",
        "repo": "hyprwhspr",
        "type": "github"
      }
    },
    "nixpkgs": {
      "locked": {
        "lastModified": 1789006805,
        "narHash": "sha256-xB8mKMOx1IA9vTDNLmJZ6n4wCMq/cuWBBOzGCRnqxrU=",
        "owner": "NixOS",
        "repo": "nixpkgs",
        "rev": "8ce4ef6cb6f871616146b9fe26d2a5ae594e94fe",
        "type": "github"
      },
      "original": {
        "owner": "NixOS",
        "ref": "nixos-unstable",
        "repo": "nixpkgs",
        "type": "github"
      }
    },
    "root": {
      "inputs": {
        "hyprwhspr-src": "hyprwhspr-src",
        "nixpkgs": "nixpkgs"
      }
    }
  },
  "root": "root",
  "version": 7
}
